// !$*UTF8*$!
{
	archiveVersion = 1;
	classes = {
	};
	objectVersion = 50;
	objects = {

/* Begin PBXBuildFile section */
		151E55F7268B49C4005D7D05 /* MapPriceViewController.m in Sources */ = {isa = PBXBuildFile; fileRef = 151E55F6268B49C4005D7D05 /* MapPriceViewController.m */; };
		151E5607268DBEFA005D7D05 /* CustomTabBarController.m in Sources */ = {isa = PBXBuildFile; fileRef = 151E5606268DBEFA005D7D05 /* CustomTabBarController.m */; };
		151E560E26922035005D7D05 /* DataModel.xcdatamodeld in Sources */ = {isa = PBXBuildFile; fileRef = 151E560C26922035005D7D05 /* DataModel.xcdatamodeld */; };
		151E561A269225DC005D7D05 /* CoreDataHelper.m in Sources */ = {isa = PBXBuildFile; fileRef = 151E5619269225DC005D7D05 /* CoreDataHelper.m */; };
		151E5624269273B2005D7D05 /* FavoriteTicketMO+CoreDataClass.m in Sources */ = {isa = PBXBuildFile; fileRef = 151E5622269273B2005D7D05 /* FavoriteTicketMO+CoreDataClass.m */; };
		151E5625269273B2005D7D05 /* FavoriteTicketMO+CoreDataProperties.m in Sources */ = {isa = PBXBuildFile; fileRef = 151E5623269273B2005D7D05 /* FavoriteTicketMO+CoreDataProperties.m */; };
		151E563B2692C6D7005D7D05 /* PriceMapAnnotation.m in Sources */ = {isa = PBXBuildFile; fileRef = 151E563A2692C6D7005D7D05 /* PriceMapAnnotation.m */; };
		151E56422692C9DC005D7D05 /* AnnotationButton.m in Sources */ = {isa = PBXBuildFile; fileRef = 151E56412692C9DC005D7D05 /* AnnotationButton.m */; };
		157EE81E267CCD6D000750A0 /* AppDelegate.m in Sources */ = {isa = PBXBuildFile; fileRef = 157EE81D267CCD6D000750A0 /* AppDelegate.m */; };
		157EE821267CCD6D000750A0 /* SceneDelegate.m in Sources */ = {isa = PBXBuildFile; fileRef = 157EE820267CCD6D000750A0 /* SceneDelegate.m */; };
		157EE829267CCD71000750A0 /* Assets.xcassets in Resources */ = {isa = PBXBuildFile; fileRef = 157EE828267CCD71000750A0 /* Assets.xcassets */; };
		157EE82C267CCD71000750A0 /* LaunchScreen.storyboard in Resources */ = {isa = PBXBuildFile; fileRef = 157EE82A267CCD71000750A0 /* LaunchScreen.storyboard */; };
		157EE82F267CCD71000750A0 /* main.m in Sources */ = {isa = PBXBuildFile; fileRef = 157EE82E267CCD71000750A0 /* main.m */; };
		157EE83A267CD017000750A0 /* MainViewController.m in Sources */ = {isa = PBXBuildFile; fileRef = 157EE839267CD017000750A0 /* MainViewController.m */; };
		157EE843267CD7B7000750A0 /* SearchResultViewController.m in Sources */ = {isa = PBXBuildFile; fileRef = 157EE842267CD7B7000750A0 /* SearchResultViewController.m */; };
		157EE84E2681C801000750A0 /* PlaceViewController.m in Sources */ = {isa = PBXBuildFile; fileRef = 157EE84D2681C801000750A0 /* PlaceViewController.m */; };
		157EE8522681CA4B000750A0 /* DataManager.m in Sources */ = {isa = PBXBuildFile; fileRef = 157EE8512681CA4B000750A0 /* DataManager.m */; };
		157EE85D2681DB36000750A0 /* Country.m in Sources */ = {isa = PBXBuildFile; fileRef = 157EE85C2681DB36000750A0 /* Country.m */; };
		157EE8612681DB43000750A0 /* City.m in Sources */ = {isa = PBXBuildFile; fileRef = 157EE8602681DB43000750A0 /* City.m */; };
		157EE8652681DB52000750A0 /* Airport.m in Sources */ = {isa = PBXBuildFile; fileRef = 157EE8642681DB52000750A0 /* Airport.m */; };
		157EE86A2681DED2000750A0 /* airports.json in Resources */ = {isa = PBXBuildFile; fileRef = 157EE8672681DED2000750A0 /* airports.json */; };
		157EE86B2681DED2000750A0 /* cities.json in Resources */ = {isa = PBXBuildFile; fileRef = 157EE8682681DED2000750A0 /* cities.json */; };
		157EE86C2681DED2000750A0 /* countries.json in Resources */ = {isa = PBXBuildFile; fileRef = 157EE8692681DED2000750A0 /* countries.json */; };
		1583FB9E268497DF0077B65B /* APIManager.m in Sources */ = {isa = PBXBuildFile; fileRef = 1583FB9D268497DF0077B65B /* APIManager.m */; };
		1583FBA22684D6BB0077B65B /* Ticket.m in Sources */ = {isa = PBXBuildFile; fileRef = 1583FBA12684D6BB0077B65B /* Ticket.m */; };
		1583FBA62684DDDA0077B65B /* SearchTicketTableViewCell.m in Sources */ = {isa = PBXBuildFile; fileRef = 1583FBA52684DDDA0077B65B /* SearchTicketTableViewCell.m */; };
		15A444B4268AF494006A1154 /* MapPrice.m in Sources */ = {isa = PBXBuildFile; fileRef = 15A444B3268AF494006A1154 /* MapPrice.m */; };
		15A444B8268B453E006A1154 /* LocationService.m in Sources */ = {isa = PBXBuildFile; fileRef = 15A444B7268B453E006A1154 /* LocationService.m */; };
/* End PBXBuildFile section */

/* Begin PBXFileReference section */
		151E55F5268B49C3005D7D05 /* MapPriceViewController.h */ = {isa = PBXFileReference; lastKnownFileType = sourcecode.c.h; path = MapPriceViewController.h; sourceTree = "<group>"; };
		151E55F6268B49C4005D7D05 /* MapPriceViewController.m */ = {isa = PBXFileReference; lastKnownFileType = sourcecode.c.objc; path = MapPriceViewController.m; sourceTree = "<group>"; };
		151E5605268DBEFA005D7D05 /* CustomTabBarController.h */ = {isa = PBXFileReference; lastKnownFileType = sourcecode.c.h; path = CustomTabBarController.h; sourceTree = "<group>"; };
		151E5606268DBEFA005D7D05 /* CustomTabBarController.m */ = {isa = PBXFileReference; lastKnownFileType = sourcecode.c.objc; path = CustomTabBarController.m; sourceTree = "<group>"; };
		151E560D26922035005D7D05 /* DataModel.xcdatamodel */ = {isa = PBXFileReference; lastKnownFileType = wrapper.xcdatamodel; path = DataModel.xcdatamodel; sourceTree = "<group>"; };
		151E5618269225DC005D7D05 /* CoreDataHelper.h */ = {isa = PBXFileReference; lastKnownFileType = sourcecode.c.h; path = CoreDataHelper.h; sourceTree = "<group>"; };
		151E5619269225DC005D7D05 /* CoreDataHelper.m */ = {isa = PBXFileReference; lastKnownFileType = sourcecode.c.objc; path = CoreDataHelper.m; sourceTree = "<group>"; };
		151E5620269273B2005D7D05 /* FavoriteTicketMO+CoreDataProperties.h */ = {isa = PBXFileReference; lastKnownFileType = sourcecode.c.h; path = "FavoriteTicketMO+CoreDataProperties.h"; sourceTree = "<group>"; };
		151E5621269273B2005D7D05 /* FavoriteTicketMO+CoreDataClass.h */ = {isa = PBXFileReference; lastKnownFileType = sourcecode.c.h; path = "FavoriteTicketMO+CoreDataClass.h"; sourceTree = "<group>"; };
		151E5622269273B2005D7D05 /* FavoriteTicketMO+CoreDataClass.m */ = {isa = PBXFileReference; lastKnownFileType = sourcecode.c.objc; path = "FavoriteTicketMO+CoreDataClass.m"; sourceTree = "<group>"; };
		151E5623269273B2005D7D05 /* FavoriteTicketMO+CoreDataProperties.m */ = {isa = PBXFileReference; lastKnownFileType = sourcecode.c.objc; path = "FavoriteTicketMO+CoreDataProperties.m"; sourceTree = "<group>"; };
		151E56392692C6D7005D7D05 /* PriceMapAnnotation.h */ = {isa = PBXFileReference; lastKnownFileType = sourcecode.c.h; path = PriceMapAnnotation.h; sourceTree = "<group>"; };
		151E563A2692C6D7005D7D05 /* PriceMapAnnotation.m */ = {isa = PBXFileReference; lastKnownFileType = sourcecode.c.objc; path = PriceMapAnnotation.m; sourceTree = "<group>"; };
		151E56402692C9DC005D7D05 /* AnnotationButton.h */ = {isa = PBXFileReference; lastKnownFileType = sourcecode.c.h; path = AnnotationButton.h; sourceTree = "<group>"; };
		151E56412692C9DC005D7D05 /* AnnotationButton.m */ = {isa = PBXFileReference; lastKnownFileType = sourcecode.c.objc; path = AnnotationButton.m; sourceTree = "<group>"; };
		157EE819267CCD6D000750A0 /* Air-Tickets.app */ = {isa = PBXFileReference; explicitFileType = wrapper.application; includeInIndex = 0; path = "Air-Tickets.app"; sourceTree = BUILT_PRODUCTS_DIR; };
		157EE81C267CCD6D000750A0 /* AppDelegate.h */ = {isa = PBXFileReference; lastKnownFileType = sourcecode.c.h; path = AppDelegate.h; sourceTree = "<group>"; };
		157EE81D267CCD6D000750A0 /* AppDelegate.m */ = {isa = PBXFileReference; lastKnownFileType = sourcecode.c.objc; path = AppDelegate.m; sourceTree = "<group>"; };
		157EE81F267CCD6D000750A0 /* SceneDelegate.h */ = {isa = PBXFileReference; lastKnownFileType = sourcecode.c.h; path = SceneDelegate.h; sourceTree = "<group>"; };
		157EE820267CCD6D000750A0 /* SceneDelegate.m */ = {isa = PBXFileReference; lastKnownFileType = sourcecode.c.objc; path = SceneDelegate.m; sourceTree = "<group>"; };
		157EE828267CCD71000750A0 /* Assets.xcassets */ = {isa = PBXFileReference; lastKnownFileType = folder.assetcatalog; path = Assets.xcassets; sourceTree = "<group>"; };
		157EE82B267CCD71000750A0 /* Base */ = {isa = PBXFileReference; lastKnownFileType = file.storyboard; name = Base; path = Base.lproj/LaunchScreen.storyboard; sourceTree = "<group>"; };
		157EE82D267CCD71000750A0 /* Info.plist */ = {isa = PBXFileReference; lastKnownFileType = text.plist.xml; path = Info.plist; sourceTree = "<group>"; };
		157EE82E267CCD71000750A0 /* main.m */ = {isa = PBXFileReference; lastKnownFileType = sourcecode.c.objc; path = main.m; sourceTree = "<group>"; };
		157EE838267CD017000750A0 /* MainViewController.h */ = {isa = PBXFileReference; lastKnownFileType = sourcecode.c.h; path = MainViewController.h; sourceTree = "<group>"; };
		157EE839267CD017000750A0 /* MainViewController.m */ = {isa = PBXFileReference; lastKnownFileType = sourcecode.c.objc; path = MainViewController.m; sourceTree = "<group>"; };
		157EE841267CD7B7000750A0 /* SearchResultViewController.h */ = {isa = PBXFileReference; lastKnownFileType = sourcecode.c.h; path = SearchResultViewController.h; sourceTree = "<group>"; };
		157EE842267CD7B7000750A0 /* SearchResultViewController.m */ = {isa = PBXFileReference; lastKnownFileType = sourcecode.c.objc; path = SearchResultViewController.m; sourceTree = "<group>"; };
		157EE84C2681C801000750A0 /* PlaceViewController.h */ = {isa = PBXFileReference; lastKnownFileType = sourcecode.c.h; path = PlaceViewController.h; sourceTree = "<group>"; };
		157EE84D2681C801000750A0 /* PlaceViewController.m */ = {isa = PBXFileReference; lastKnownFileType = sourcecode.c.objc; path = PlaceViewController.m; sourceTree = "<group>"; };
		157EE8502681CA4B000750A0 /* DataManager.h */ = {isa = PBXFileReference; lastKnownFileType = sourcecode.c.h; path = DataManager.h; sourceTree = "<group>"; };
		157EE8512681CA4B000750A0 /* DataManager.m */ = {isa = PBXFileReference; lastKnownFileType = sourcecode.c.objc; path = DataManager.m; sourceTree = "<group>"; };
		157EE8582681D73F000750A0 /* PlaceViewControllecDelegate.h */ = {isa = PBXFileReference; lastKnownFileType = sourcecode.c.h; path = PlaceViewControllecDelegate.h; sourceTree = "<group>"; };
		157EE85B2681DB36000750A0 /* Country.h */ = {isa = PBXFileReference; lastKnownFileType = sourcecode.c.h; path = Country.h; sourceTree = "<group>"; };
		157EE85C2681DB36000750A0 /* Country.m */ = {isa = PBXFileReference; lastKnownFileType = sourcecode.c.objc; path = Country.m; sourceTree = "<group>"; };
		157EE85F2681DB43000750A0 /* City.h */ = {isa = PBXFileReference; lastKnownFileType = sourcecode.c.h; path = City.h; sourceTree = "<group>"; };
		157EE8602681DB43000750A0 /* City.m */ = {isa = PBXFileReference; lastKnownFileType = sourcecode.c.objc; path = City.m; sourceTree = "<group>"; };
		157EE8632681DB52000750A0 /* Airport.h */ = {isa = PBXFileReference; lastKnownFileType = sourcecode.c.h; path = Airport.h; sourceTree = "<group>"; };
		157EE8642681DB52000750A0 /* Airport.m */ = {isa = PBXFileReference; lastKnownFileType = sourcecode.c.objc; path = Airport.m; sourceTree = "<group>"; };
		157EE8672681DED2000750A0 /* airports.json */ = {isa = PBXFileReference; fileEncoding = 4; lastKnownFileType = text.json; path = airports.json; sourceTree = "<group>"; };
		157EE8682681DED2000750A0 /* cities.json */ = {isa = PBXFileReference; fileEncoding = 4; lastKnownFileType = text.json; path = cities.json; sourceTree = "<group>"; };
		157EE8692681DED2000750A0 /* countries.json */ = {isa = PBXFileReference; fileEncoding = 4; lastKnownFileType = text.json; path = countries.json; sourceTree = "<group>"; };
		1583FB9C268497DF0077B65B /* APIManager.h */ = {isa = PBXFileReference; lastKnownFileType = sourcecode.c.h; path = APIManager.h; sourceTree = "<group>"; };
		1583FB9D268497DF0077B65B /* APIManager.m */ = {isa = PBXFileReference; lastKnownFileType = sourcecode.c.objc; path = APIManager.m; sourceTree = "<group>"; };
		1583FBA02684D6BB0077B65B /* Ticket.h */ = {isa = PBXFileReference; lastKnownFileType = sourcecode.c.h; path = Ticket.h; sourceTree = "<group>"; };
		1583FBA12684D6BB0077B65B /* Ticket.m */ = {isa = PBXFileReference; lastKnownFileType = sourcecode.c.objc; path = Ticket.m; sourceTree = "<group>"; };
		1583FBA42684DDDA0077B65B /* SearchTicketTableViewCell.h */ = {isa = PBXFileReference; lastKnownFileType = sourcecode.c.h; path = SearchTicketTableViewCell.h; sourceTree = "<group>"; };
		1583FBA52684DDDA0077B65B /* SearchTicketTableViewCell.m */ = {isa = PBXFileReference; lastKnownFileType = sourcecode.c.objc; path = SearchTicketTableViewCell.m; sourceTree = "<group>"; };
		15A444B2268AF494006A1154 /* MapPrice.h */ = {isa = PBXFileReference; lastKnownFileType = sourcecode.c.h; path = MapPrice.h; sourceTree = "<group>"; };
		15A444B3268AF494006A1154 /* MapPrice.m */ = {isa = PBXFileReference; lastKnownFileType = sourcecode.c.objc; path = MapPrice.m; sourceTree = "<group>"; };
		15A444B6268B453E006A1154 /* LocationService.h */ = {isa = PBXFileReference; lastKnownFileType = sourcecode.c.h; path = LocationService.h; sourceTree = "<group>"; };
		15A444B7268B453E006A1154 /* LocationService.m */ = {isa = PBXFileReference; lastKnownFileType = sourcecode.c.objc; path = LocationService.m; sourceTree = "<group>"; };
/* End PBXFileReference section */

/* Begin PBXFrameworksBuildPhase section */
		157EE816267CCD6D000750A0 /* Frameworks */ = {
			isa = PBXFrameworksBuildPhase;
			buildActionMask = 2147483647;
			files = (
			);
			runOnlyForDeploymentPostprocessing = 0;
		};
/* End PBXFrameworksBuildPhase section */

/* Begin PBXGroup section */
		151E5603268DBD9A005D7D05 /* Controllers */ = {
			isa = PBXGroup;
			children = (
				157EE841267CD7B7000750A0 /* SearchResultViewController.h */,
				157EE842267CD7B7000750A0 /* SearchResultViewController.m */,
				151E55F5268B49C3005D7D05 /* MapPriceViewController.h */,
				151E55F6268B49C4005D7D05 /* MapPriceViewController.m */,
				157EE838267CD017000750A0 /* MainViewController.h */,
				157EE839267CD017000750A0 /* MainViewController.m */,
				157EE8582681D73F000750A0 /* PlaceViewControllecDelegate.h */,
				157EE84C2681C801000750A0 /* PlaceViewController.h */,
				157EE84D2681C801000750A0 /* PlaceViewController.m */,
				151E5605268DBEFA005D7D05 /* CustomTabBarController.h */,
				151E5606268DBEFA005D7D05 /* CustomTabBarController.m */,
			);
			path = Controllers;
			sourceTree = "<group>";
		};
		151E560B26922012005D7D05 /* CoreData */ = {
			isa = PBXGroup;
			children = (
				151E56172692251F005D7D05 /* ManagedObjects */,
				151E560C26922035005D7D05 /* DataModel.xcdatamodeld */,
				151E5618269225DC005D7D05 /* CoreDataHelper.h */,
				151E5619269225DC005D7D05 /* CoreDataHelper.m */,
			);
			path = CoreData;
			sourceTree = "<group>";
		};
		151E56172692251F005D7D05 /* ManagedObjects */ = {
			isa = PBXGroup;
			children = (
				151E5620269273B2005D7D05 /* FavoriteTicketMO+CoreDataProperties.h */,
				151E5621269273B2005D7D05 /* FavoriteTicketMO+CoreDataClass.h */,
				151E5622269273B2005D7D05 /* FavoriteTicketMO+CoreDataClass.m */,
				151E5623269273B2005D7D05 /* FavoriteTicketMO+CoreDataProperties.m */,
			);
			path = ManagedObjects;
			sourceTree = "<group>";
		};
		151E562E2692C09F005D7D05 /* Annotations */ = {
			isa = PBXGroup;
			children = (
				151E56392692C6D7005D7D05 /* PriceMapAnnotation.h */,
				151E563A2692C6D7005D7D05 /* PriceMapAnnotation.m */,
			);
			path = Annotations;
			sourceTree = "<group>";
		};
		157EE810267CCD6D000750A0 = {
			isa = PBXGroup;
			children = (
				157EE81B267CCD6D000750A0 /* Air-Tickets */,
				157EE81A267CCD6D000750A0 /* Products */,
			);
			sourceTree = "<group>";
		};
		157EE81A267CCD6D000750A0 /* Products */ = {
			isa = PBXGroup;
			children = (
				157EE819267CCD6D000750A0 /* Air-Tickets.app */,
			);
			name = Products;
			sourceTree = "<group>";
		};
		157EE81B267CCD6D000750A0 /* Air-Tickets */ = {
			isa = PBXGroup;
			children = (
				151E560B26922012005D7D05 /* CoreData */,
				157EE8562681D2CB000750A0 /* Models */,
				157EE8542681CA57000750A0 /* Services */,
				157EE86E2681DEFC000750A0 /* Data */,
				1583FBA82684DDE50077B65B /* Views */,
				151E562E2692C09F005D7D05 /* Annotations */,
				151E5603268DBD9A005D7D05 /* Controllers */,
				157EE81C267CCD6D000750A0 /* AppDelegate.h */,
				157EE81D267CCD6D000750A0 /* AppDelegate.m */,
				157EE81F267CCD6D000750A0 /* SceneDelegate.h */,
				157EE820267CCD6D000750A0 /* SceneDelegate.m */,
				157EE828267CCD71000750A0 /* Assets.xcassets */,
				157EE82A267CCD71000750A0 /* LaunchScreen.storyboard */,
				157EE82D267CCD71000750A0 /* Info.plist */,
				157EE82E267CCD71000750A0 /* main.m */,
			);
			path = "Air-Tickets";
			sourceTree = "<group>";
		};
		157EE8542681CA57000750A0 /* Services */ = {
			isa = PBXGroup;
			children = (
				157EE8502681CA4B000750A0 /* DataManager.h */,
				157EE8512681CA4B000750A0 /* DataManager.m */,
				1583FB9C268497DF0077B65B /* APIManager.h */,
				1583FB9D268497DF0077B65B /* APIManager.m */,
				15A444B6268B453E006A1154 /* LocationService.h */,
				15A444B7268B453E006A1154 /* LocationService.m */,
			);
			path = Services;
			sourceTree = "<group>";
		};
		157EE8562681D2CB000750A0 /* Models */ = {
			isa = PBXGroup;
			children = (
				157EE85B2681DB36000750A0 /* Country.h */,
				157EE85C2681DB36000750A0 /* Country.m */,
				157EE85F2681DB43000750A0 /* City.h */,
				157EE8602681DB43000750A0 /* City.m */,
				157EE8632681DB52000750A0 /* Airport.h */,
				157EE8642681DB52000750A0 /* Airport.m */,
				1583FBA02684D6BB0077B65B /* Ticket.h */,
				1583FBA12684D6BB0077B65B /* Ticket.m */,
				15A444B2268AF494006A1154 /* MapPrice.h */,
				15A444B3268AF494006A1154 /* MapPrice.m */,
			);
			path = Models;
			sourceTree = "<group>";
		};
		157EE86E2681DEFC000750A0 /* Data */ = {
			isa = PBXGroup;
			children = (
				157EE8672681DED2000750A0 /* airports.json */,
				157EE8692681DED2000750A0 /* countries.json */,
				157EE8682681DED2000750A0 /* cities.json */,
			);
			path = Data;
			sourceTree = "<group>";
		};
		1583FBA82684DDE50077B65B /* Views */ = {
			isa = PBXGroup;
			children = (
				1583FBA42684DDDA0077B65B /* SearchTicketTableViewCell.h */,
				1583FBA52684DDDA0077B65B /* SearchTicketTableViewCell.m */,
				151E56402692C9DC005D7D05 /* AnnotationButton.h */,
				151E56412692C9DC005D7D05 /* AnnotationButton.m */,
			);
			path = Views;
			sourceTree = "<group>";
		};
/* End PBXGroup section */

/* Begin PBXNativeTarget section */
		157EE818267CCD6D000750A0 /* Air-Tickets */ = {
			isa = PBXNativeTarget;
			buildConfigurationList = 157EE832267CCD71000750A0 /* Build configuration list for PBXNativeTarget "Air-Tickets" */;
			buildPhases = (
				157EE815267CCD6D000750A0 /* Sources */,
				157EE816267CCD6D000750A0 /* Frameworks */,
				157EE817267CCD6D000750A0 /* Resources */,
			);
			buildRules = (
			);
			dependencies = (
			);
			name = "Air-Tickets";
			productName = "Air-Tickets";
			productReference = 157EE819267CCD6D000750A0 /* Air-Tickets.app */;
			productType = "com.apple.product-type.application";
		};
/* End PBXNativeTarget section */

/* Begin PBXProject section */
		157EE811267CCD6D000750A0 /* Project object */ = {
			isa = PBXProject;
			attributes = {
				LastUpgradeCheck = 1210;
				TargetAttributes = {
					157EE818267CCD6D000750A0 = {
						CreatedOnToolsVersion = 12.1;
					};
				};
			};
			buildConfigurationList = 157EE814267CCD6D000750A0 /* Build configuration list for PBXProject "Air-Tickets" */;
			compatibilityVersion = "Xcode 9.3";
			developmentRegion = en;
			hasScannedForEncodings = 0;
			knownRegions = (
				en,
				Base,
			);
			mainGroup = 157EE810267CCD6D000750A0;
			productRefGroup = 157EE81A267CCD6D000750A0 /* Products */;
			projectDirPath = "";
			projectRoot = "";
			targets = (
				157EE818267CCD6D000750A0 /* Air-Tickets */,
			);
		};
/* End PBXProject section */

/* Begin PBXResourcesBuildPhase section */
		157EE817267CCD6D000750A0 /* Resources */ = {
			isa = PBXResourcesBuildPhase;
			buildActionMask = 2147483647;
			files = (
				157EE86B2681DED2000750A0 /* cities.json in Resources */,
				157EE82C267CCD71000750A0 /* LaunchScreen.storyboard in Resources */,
				157EE829267CCD71000750A0 /* Assets.xcassets in Resources */,
				157EE86C2681DED2000750A0 /* countries.json in Resources */,
				157EE86A2681DED2000750A0 /* airports.json in Resources */,
			);
			runOnlyForDeploymentPostprocessing = 0;
		};
/* End PBXResourcesBuildPhase section */

/* Begin PBXSourcesBuildPhase section */
		157EE815267CCD6D000750A0 /* Sources */ = {
			isa = PBXSourcesBuildPhase;
			buildActionMask = 2147483647;
			files = (
				157EE85D2681DB36000750A0 /* Country.m in Sources */,
				15A444B8268B453E006A1154 /* LocationService.m in Sources */,
				151E563B2692C6D7005D7D05 /* PriceMapAnnotation.m in Sources */,
				151E5624269273B2005D7D05 /* FavoriteTicketMO+CoreDataClass.m in Sources */,
				151E56422692C9DC005D7D05 /* AnnotationButton.m in Sources */,
				157EE8652681DB52000750A0 /* Airport.m in Sources */,
				151E55F7268B49C4005D7D05 /* MapPriceViewController.m in Sources */,
				157EE84E2681C801000750A0 /* PlaceViewController.m in Sources */,
				151E561A269225DC005D7D05 /* CoreDataHelper.m in Sources */,
				151E5625269273B2005D7D05 /* FavoriteTicketMO+CoreDataProperties.m in Sources */,
				1583FBA62684DDDA0077B65B /* SearchTicketTableViewCell.m in Sources */,
				157EE81E267CCD6D000750A0 /* AppDelegate.m in Sources */,
				157EE8522681CA4B000750A0 /* DataManager.m in Sources */,
				151E5607268DBEFA005D7D05 /* CustomTabBarController.m in Sources */,
				15A444B4268AF494006A1154 /* MapPrice.m in Sources */,
				157EE82F267CCD71000750A0 /* main.m in Sources */,
				157EE843267CD7B7000750A0 /* SearchResultViewController.m in Sources */,
				157EE821267CCD6D000750A0 /* SceneDelegate.m in Sources */,
				157EE83A267CD017000750A0 /* MainViewController.m in Sources */,
				157EE8612681DB43000750A0 /* City.m in Sources */,
				151E560E26922035005D7D05 /* DataModel.xcdatamodeld in Sources */,
				1583FB9E268497DF0077B65B /* APIManager.m in Sources */,
				1583FBA22684D6BB0077B65B /* Ticket.m in Sources */,
			);
			runOnlyForDeploymentPostprocessing = 0;
		};
/* End PBXSourcesBuildPhase section */

/* Begin PBXVariantGroup section */
		157EE82A267CCD71000750A0 /* LaunchScreen.storyboard */ = {
			isa = PBXVariantGroup;
			children = (
				157EE82B267CCD71000750A0 /* Base */,
			);
			name = LaunchScreen.storyboard;
			sourceTree = "<group>";
		};
/* End PBXVariantGroup section */

/* Begin XCBuildConfiguration section */
		157EE830267CCD71000750A0 /* Debug */ = {
			isa = XCBuildConfiguration;
			buildSettings = {
				ALWAYS_SEARCH_USER_PATHS = NO;
				CLANG_ANALYZER_NONNULL = YES;
				CLANG_ANALYZER_NUMBER_OBJECT_CONVERSION = YES_AGGRESSIVE;
				CLANG_CXX_LANGUAGE_STANDARD = "gnu++14";
				CLANG_CXX_LIBRARY = "libc++";
				CLANG_ENABLE_MODULES = YES;
				CLANG_ENABLE_OBJC_ARC = YES;
				CLANG_ENABLE_OBJC_WEAK = YES;
				CLANG_WARN_BLOCK_CAPTURE_AUTORELEASING = YES;
				CLANG_WARN_BOOL_CONVERSION = YES;
				CLANG_WARN_COMMA = YES;
				CLANG_WARN_CONSTANT_CONVERSION = YES;
				CLANG_WARN_DEPRECATED_OBJC_IMPLEMENTATIONS = YES;
				CLANG_WARN_DIRECT_OBJC_ISA_USAGE = YES_ERROR;
				CLANG_WARN_DOCUMENTATION_COMMENTS = YES;
				CLANG_WARN_EMPTY_BODY = YES;
				CLANG_WARN_ENUM_CONVERSION = YES;
				CLANG_WARN_INFINITE_RECURSION = YES;
				CLANG_WARN_INT_CONVERSION = YES;
				CLANG_WARN_NON_LITERAL_NULL_CONVERSION = YES;
				CLANG_WARN_OBJC_IMPLICIT_RETAIN_SELF = YES;
				CLANG_WARN_OBJC_LITERAL_CONVERSION = YES;
				CLANG_WARN_OBJC_ROOT_CLASS = YES_ERROR;
				CLANG_WARN_QUOTED_INCLUDE_IN_FRAMEWORK_HEADER = YES;
				CLANG_WARN_RANGE_LOOP_ANALYSIS = YES;
				CLANG_WARN_STRICT_PROTOTYPES = YES;
				CLANG_WARN_SUSPICIOUS_MOVE = YES;
				CLANG_WARN_UNGUARDED_AVAILABILITY = YES_AGGRESSIVE;
				CLANG_WARN_UNREACHABLE_CODE = YES;
				CLANG_WARN__DUPLICATE_METHOD_MATCH = YES;
				COPY_PHASE_STRIP = NO;
				DEBUG_INFORMATION_FORMAT = dwarf;
				ENABLE_STRICT_OBJC_MSGSEND = YES;
				ENABLE_TESTABILITY = YES;
				GCC_C_LANGUAGE_STANDARD = gnu11;
				GCC_DYNAMIC_NO_PIC = NO;
				GCC_NO_COMMON_BLOCKS = YES;
				GCC_OPTIMIZATION_LEVEL = 0;
				GCC_PREPROCESSOR_DEFINITIONS = (
					"DEBUG=1",
					"$(inherited)",
				);
				GCC_WARN_64_TO_32_BIT_CONVERSION = YES;
				GCC_WARN_ABOUT_RETURN_TYPE = YES_ERROR;
				GCC_WARN_UNDECLARED_SELECTOR = YES;
				GCC_WARN_UNINITIALIZED_AUTOS = YES_AGGRESSIVE;
				GCC_WARN_UNUSED_FUNCTION = YES;
				GCC_WARN_UNUSED_VARIABLE = YES;
				IPHONEOS_DEPLOYMENT_TARGET = 14.1;
				MTL_ENABLE_DEBUG_INFO = INCLUDE_SOURCE;
				MTL_FAST_MATH = YES;
				ONLY_ACTIVE_ARCH = YES;
				SDKROOT = iphoneos;
			};
			name = Debug;
		};
		157EE831267CCD71000750A0 /* Release */ = {
			isa = XCBuildConfiguration;
			buildSettings = {
				ALWAYS_SEARCH_USER_PATHS = NO;
				CLANG_ANALYZER_NONNULL = YES;
				CLANG_ANALYZER_NUMBER_OBJECT_CONVERSION = YES_AGGRESSIVE;
				CLANG_CXX_LANGUAGE_STANDARD = "gnu++14";
				CLANG_CXX_LIBRARY = "libc++";
				CLANG_ENABLE_MODULES = YES;
				CLANG_ENABLE_OBJC_ARC = YES;
				CLANG_ENABLE_OBJC_WEAK = YES;
				CLANG_WARN_BLOCK_CAPTURE_AUTORELEASING = YES;
				CLANG_WARN_BOOL_CONVERSION = YES;
				CLANG_WARN_COMMA = YES;
				CLANG_WARN_CONSTANT_CONVERSION = YES;
				CLANG_WARN_DEPRECATED_OBJC_IMPLEMENTATIONS = YES;
				CLANG_WARN_DIRECT_OBJC_ISA_USAGE = YES_ERROR;
				CLANG_WARN_DOCUMENTATION_COMMENTS = YES;
				CLANG_WARN_EMPTY_BODY = YES;
				CLANG_WARN_ENUM_CONVERSION = YES;
				CLANG_WARN_INFINITE_RECURSION = YES;
				CLANG_WARN_INT_CONVERSION = YES;
				CLANG_WARN_NON_LITERAL_NULL_CONVERSION = YES;
				CLANG_WARN_OBJC_IMPLICIT_RETAIN_SELF = YES;
				CLANG_WARN_OBJC_LITERAL_CONVERSION = YES;
				CLANG_WARN_OBJC_ROOT_CLASS = YES_ERROR;
				CLANG_WARN_QUOTED_INCLUDE_IN_FRAMEWORK_HEADER = YES;
				CLANG_WARN_RANGE_LOOP_ANALYSIS = YES;
				CLANG_WARN_STRICT_PROTOTYPES = YES;
				CLANG_WARN_SUSPICIOUS_MOVE = YES;
				CLANG_WARN_UNGUARDED_AVAILABILITY = YES_AGGRESSIVE;
				CLANG_WARN_UNREACHABLE_CODE = YES;
				CLANG_WARN__DUPLICATE_METHOD_MATCH = YES;
				COPY_PHASE_STRIP = NO;
				DEBUG_INFORMATION_FORMAT = "dwarf-with-dsym";
				ENABLE_NS_ASSERTIONS = NO;
				ENABLE_STRICT_OBJC_MSGSEND = YES;
				GCC_C_LANGUAGE_STANDARD = gnu11;
				GCC_NO_COMMON_BLOCKS = YES;
				GCC_WARN_64_TO_32_BIT_CONVERSION = YES;
				GCC_WARN_ABOUT_RETURN_TYPE = YES_ERROR;
				GCC_WARN_UNDECLARED_SELECTOR = YES;
				GCC_WARN_UNINITIALIZED_AUTOS = YES_AGGRESSIVE;
				GCC_WARN_UNUSED_FUNCTION = YES;
				GCC_WARN_UNUSED_VARIABLE = YES;
				IPHONEOS_DEPLOYMENT_TARGET = 14.1;
				MTL_ENABLE_DEBUG_INFO = NO;
				MTL_FAST_MATH = YES;
				SDKROOT = iphoneos;
				VALIDATE_PRODUCT = YES;
			};
			name = Release;
		};
		157EE833267CCD71000750A0 /* Debug */ = {
			isa = XCBuildConfiguration;
			buildSettings = {
				ASSETCATALOG_COMPILER_APPICON_NAME = AppIcon;
				ASSETCATALOG_COMPILER_GLOBAL_ACCENT_COLOR_NAME = AccentColor;
				CODE_SIGN_STYLE = Automatic;
				DEVELOPMENT_TEAM = DQ48S8SUS4;
				INFOPLIST_FILE = "Air-Tickets/Info.plist";
				LD_RUNPATH_SEARCH_PATHS = (
					"$(inherited)",
					"@executable_path/Frameworks",
				);
				PRODUCT_BUNDLE_IDENTIFIER = "ru.50.AlexanderFomin.Air-Tickets";
				PRODUCT_NAME = "$(TARGET_NAME)";
				TARGETED_DEVICE_FAMILY = "1,2";
			};
			name = Debug;
		};
		157EE834267CCD71000750A0 /* Release */ = {
			isa = XCBuildConfiguration;
			buildSettings = {
				ASSETCATALOG_COMPILER_APPICON_NAME = AppIcon;
				ASSETCATALOG_COMPILER_GLOBAL_ACCENT_COLOR_NAME = AccentColor;
				CODE_SIGN_STYLE = Automatic;
				DEVELOPMENT_TEAM = DQ48S8SUS4;
				INFOPLIST_FILE = "Air-Tickets/Info.plist";
				LD_RUNPATH_SEARCH_PATHS = (
					"$(inherited)",
					"@executable_path/Frameworks",
				);
				PRODUCT_BUNDLE_IDENTIFIER = "ru.50.AlexanderFomin.Air-Tickets";
				PRODUCT_NAME = "$(TARGET_NAME)";
				TARGETED_DEVICE_FAMILY = "1,2";
			};
			name = Release;
		};
/* End XCBuildConfiguration section */

/* Begin XCConfigurationList section */
		157EE814267CCD6D000750A0 /* Build configuration list for PBXProject "Air-Tickets" */ = {
			isa = XCConfigurationList;
			buildConfigurations = (
				157EE830267CCD71000750A0 /* Debug */,
				157EE831267CCD71000750A0 /* Release */,
			);
			defaultConfigurationIsVisible = 0;
			defaultConfigurationName = Release;
		};
		157EE832267CCD71000750A0 /* Build configuration list for PBXNativeTarget "Air-Tickets" */ = {
			isa = XCConfigurationList;
			buildConfigurations = (
				157EE833267CCD71000750A0 /* Debug */,
				157EE834267CCD71000750A0 /* Release */,
			);
			defaultConfigurationIsVisible = 0;
			defaultConfigurationName = Release;
		};
/* End XCConfigurationList section */

/* Begin XCVersionGroup section */
		151E560C26922035005D7D05 /* DataModel.xcdatamodeld */ = {
			isa = XCVersionGroup;
			children = (
				151E560D26922035005D7D05 /* DataModel.xcdatamodel */,
			);
			currentVersion = 151E560D26922035005D7D05 /* DataModel.xcdatamodel */;
			path = DataModel.xcdatamodeld;
			sourceTree = "<group>";
			versionGroupType = wrapper.xcdatamodel;
		};
/* End XCVersionGroup section */
	};
	rootObject = 157EE811267CCD6D000750A0 /* Project object */;
}
