// !$*UTF8*$!
{
	archiveVersion = 1;
	classes = {
	};
	objectVersion = 50;
	objects = {

/* Begin PBXBuildFile section */
		157EE81E267CCD6D000750A0 /* AppDelegate.m in Sources */ = {isa = PBXBuildFile; fileRef = 157EE81D267CCD6D000750A0 /* AppDelegate.m */; };
		157EE821267CCD6D000750A0 /* SceneDelegate.m in Sources */ = {isa = PBXBuildFile; fileRef = 157EE820267CCD6D000750A0 /* SceneDelegate.m */; };
		157EE829267CCD71000750A0 /* Assets.xcassets in Resources */ = {isa = PBXBuildFile; fileRef = 157EE828267CCD71000750A0 /* Assets.xcassets */; };
		157EE82C267CCD71000750A0 /* LaunchScreen.storyboard in Resources */ = {isa = PBXBuildFile; fileRef = 157EE82A267CCD71000750A0 /* LaunchScreen.storyboard */; };
		157EE82F267CCD71000750A0 /* main.m in Sources */ = {isa = PBXBuildFile; fileRef = 157EE82E267CCD71000750A0 /* main.m */; };
		157EE83A267CD017000750A0 /* MainViewController.m in Sources */ = {isa = PBXBuildFile; fileRef = 157EE839267CD017000750A0 /* MainViewController.m */; };
		157EE843267CD7B7000750A0 /* SearchResultViewController.m in Sources */ = {isa = PBXBuildFile; fileRef = 157EE842267CD7B7000750A0 /* SearchResultViewController.m */; };
/* End PBXBuildFile section */

/* Begin PBXFileReference section */
		157EE819267CCD6D000750A0 /* Air-Tickets.app */ = {isa = PBXFileReference; explicitFileType = wrapper.application; includeInIndex = 0; path = "Air-Tickets.app"; sourceTree = BUILT_PRODUCTS_DIR; };
		157EE81C267CCD6D000750A0 /* AppDelegate.h */ = {isa = PBXFileReference; lastKnownFileType = sourcecode.c.h; path = AppDelegate.h; sourceTree = "<group>"; };
		157EE81D267CCD6D000750A0 /* AppDelegate.m */ = {isa = PBXFileReference; lastKnownFileType = sourcecode.c.objc; path = AppDelegate.m; sourceTree = "<group>"; };
		157EE81F267CCD6D000750A0 /* SceneDelegate.h */ = {isa = PBXFileReference; lastKnownFileType = sourcecode.c.h; path = SceneDelegate.h; sourceTree = "<group>"; };
		157EE820267CCD6D000750A0 /* SceneDelegate.m */ = {isa = PBXFileReference; lastKnownFileType = sourcecode.c.objc; path = SceneDelegate.m; sourceTree = "<group>"; };
		157EE828267CCD71000750A0 /* Assets.xcassets */ = {isa = PBXFileReference; lastKnownFileType = folder.assetcatalog; path = Assets.xcassets; sourceTree = "<group>"; };
		157EE82B267CCD71000750A0 /* Base */ = {isa = PBXFileReference; lastKnownFileType = file.storyboard; name = Base; path = Base.lproj/LaunchScreen.storyboard; sourceTree = "<group>"; };
		157EE82D267CCD71000750A0 /* Info.plist */ = {isa = PBXFileReference; lastKnownFileType = text.plist.xml; path = Info.plist; sourceTree = "<group>"; };
		157EE82E267CCD71000750A0 /* main.m */ = {isa = PBXFileReference; lastKnownFileType = sourcecode.c.objc; path = main.m; sourceTree = "<group>"; };
		157EE838267CD017000750A0 /* MainViewController.h */ = {isa = PBXFileReference; lastKnownFileType = sourcecode.c.h; path = MainViewController.h; sourceTree = "<group>"; };
		157EE839267CD017000750A0 /* MainViewController.m */ = {isa = PBXFileReference; lastKnownFileType = sourcecode.c.objc; path = MainViewController.m; sourceTree = "<group>"; };
		157EE841267CD7B7000750A0 /* SearchResultViewController.h */ = {isa = PBXFileReference; lastKnownFileType = sourcecode.c.h; path = SearchResultViewController.h; sourceTree = "<group>"; };
		157EE842267CD7B7000750A0 /* SearchResultViewController.m */ = {isa = PBXFileReference; lastKnownFileType = sourcecode.c.objc; path = SearchResultViewController.m; sourceTree = "<group>"; };
/* End PBXFileReference section */

/* Begin PBXFrameworksBuildPhase section */
		157EE816267CCD6D000750A0 /* Frameworks */ = {
			isa = PBXFrameworksBuildPhase;
			buildActionMask = 2147483647;
			files = (
			);
			runOnlyForDeploymentPostprocessing = 0;
		};
/* End PBXFrameworksBuildPhase section */

/* Begin PBXGroup section */
		157EE810267CCD6D000750A0 = {
			isa = PBXGroup;
			children = (
				157EE81B267CCD6D000750A0 /* Air-Tickets */,
				157EE81A267CCD6D000750A0 /* Products */,
			);
			sourceTree = "<group>";
		};
		157EE81A267CCD6D000750A0 /* Products */ = {
			isa = PBXGroup;
			children = (
				157EE819267CCD6D000750A0 /* Air-Tickets.app */,
			);
			name = Products;
			sourceTree = "<group>";
		};
		157EE81B267CCD6D000750A0 /* Air-Tickets */ = {
			isa = PBXGroup;
			children = (
				157EE81C267CCD6D000750A0 /* AppDelegate.h */,
				157EE81D267CCD6D000750A0 /* AppDelegate.m */,
				157EE81F267CCD6D000750A0 /* SceneDelegate.h */,
				157EE820267CCD6D000750A0 /* SceneDelegate.m */,
				157EE841267CD7B7000750A0 /* SearchResultViewController.h */,
				157EE842267CD7B7000750A0 /* SearchResultViewController.m */,
				157EE838267CD017000750A0 /* MainViewController.h */,
				157EE839267CD017000750A0 /* MainViewController.m */,
				157EE828267CCD71000750A0 /* Assets.xcassets */,
				157EE82A267CCD71000750A0 /* LaunchScreen.storyboard */,
				157EE82D267CCD71000750A0 /* Info.plist */,
				157EE82E267CCD71000750A0 /* main.m */,
			);
			path = "Air-Tickets";
			sourceTree = "<group>";
		};
/* End PBXGroup section */

/* Begin PBXNativeTarget section */
		157EE818267CCD6D000750A0 /* Air-Tickets */ = {
			isa = PBXNativeTarget;
			buildConfigurationList = 157EE832267CCD71000750A0 /* Build configuration list for PBXNativeTarget "Air-Tickets" */;
			buildPhases = (
				157EE815267CCD6D000750A0 /* Sources */,
				157EE816267CCD6D000750A0 /* Frameworks */,
				157EE817267CCD6D000750A0 /* Resources */,
			);
			buildRules = (
			);
			dependencies = (
			);
			name = "Air-Tickets";
			productName = "Air-Tickets";
			productReference = 157EE819267CCD6D000750A0 /* Air-Tickets.app */;
			productType = "com.apple.product-type.application";
		};
/* End PBXNativeTarget section */

/* Begin PBXProject section */
		157EE811267CCD6D000750A0 /* Project object */ = {
			isa = PBXProject;
			attributes = {
				LastUpgradeCheck = 1210;
				TargetAttributes = {
					157EE818267CCD6D000750A0 = {
						CreatedOnToolsVersion = 12.1;
					};
				};
			};
			buildConfigurationList = 157EE814267CCD6D000750A0 /* Build configuration list for PBXProject "Air-Tickets" */;
			compatibilityVersion = "Xcode 9.3";
			developmentRegion = en;
			hasScannedForEncodings = 0;
			knownRegions = (
				en,
				Base,
			);
			mainGroup = 157EE810267CCD6D000750A0;
			productRefGroup = 157EE81A267CCD6D000750A0 /* Products */;
			projectDirPath = "";
			projectRoot = "";
			targets = (
				157EE818267CCD6D000750A0 /* Air-Tickets */,
			);
		};
/* End PBXProject section */

/* Begin PBXResourcesBuildPhase section */
		157EE817267CCD6D000750A0 /* Resources */ = {
			isa = PBXResourcesBuildPhase;
			buildActionMask = 2147483647;
			files = (
				157EE82C267CCD71000750A0 /* LaunchScreen.storyboard in Resources */,
				157EE829267CCD71000750A0 /* Assets.xcassets in Resources */,
			);
			runOnlyForDeploymentPostprocessing = 0;
		};
/* End PBXResourcesBuildPhase section */

/* Begin PBXSourcesBuildPhase section */
		157EE815267CCD6D000750A0 /* Sources */ = {
			isa = PBXSourcesBuildPhase;
			buildActionMask = 2147483647;
			files = (
				157EE81E267CCD6D000750A0 /* AppDelegate.m in Sources */,
				157EE82F267CCD71000750A0 /* main.m in Sources */,
				157EE843267CD7B7000750A0 /* SearchResultViewController.m in Sources */,
				157EE821267CCD6D000750A0 /* SceneDelegate.m in Sources */,
				157EE83A267CD017000750A0 /* MainViewController.m in Sources */,
			);
			runOnlyForDeploymentPostprocessing = 0;
		};
/* End PBXSourcesBuildPhase section */

/* Begin PBXVariantGroup section */
		157EE82A267CCD71000750A0 /* LaunchScreen.storyboard */ = {
			isa = PBXVariantGroup;
			children = (
				157EE82B267CCD71000750A0 /* Base */,
			);
			name = LaunchScreen.storyboard;
			sourceTree = "<group>";
		};
/* End PBXVariantGroup section */

/* Begin XCBuildConfiguration section */
		157EE830267CCD71000750A0 /* Debug */ = {
			isa = XCBuildConfiguration;
			buildSettings = {
				ALWAYS_SEARCH_USER_PATHS = NO;
				CLANG_ANALYZER_NONNULL = YES;
				CLANG_ANALYZER_NUMBER_OBJECT_CONVERSION = YES_AGGRESSIVE;
				CLANG_CXX_LANGUAGE_STANDARD = "gnu++14";
				CLANG_CXX_LIBRARY = "libc++";
				CLANG_ENABLE_MODULES = YES;
				CLANG_ENABLE_OBJC_ARC = YES;
				CLANG_ENABLE_OBJC_WEAK = YES;
				CLANG_WARN_BLOCK_CAPTURE_AUTORELEASING = YES;
				CLANG_WARN_BOOL_CONVERSION = YES;
				CLANG_WARN_COMMA = YES;
				CLANG_WARN_CONSTANT_CONVERSION = YES;
				CLANG_WARN_DEPRECATED_OBJC_IMPLEMENTATIONS = YES;
				CLANG_WARN_DIRECT_OBJC_ISA_USAGE = YES_ERROR;
				CLANG_WARN_DOCUMENTATION_COMMENTS = YES;
				CLANG_WARN_EMPTY_BODY = YES;
				CLANG_WARN_ENUM_CONVERSION = YES;
				CLANG_WARN_INFINITE_RECURSION = YES;
				CLANG_WARN_INT_CONVERSION = YES;
				CLANG_WARN_NON_LITERAL_NULL_CONVERSION = YES;
				CLANG_WARN_OBJC_IMPLICIT_RETAIN_SELF = YES;
				CLANG_WARN_OBJC_LITERAL_CONVERSION = YES;
				CLANG_WARN_OBJC_ROOT_CLASS = YES_ERROR;
				CLANG_WARN_QUOTED_INCLUDE_IN_FRAMEWORK_HEADER = YES;
				CLANG_WARN_RANGE_LOOP_ANALYSIS = YES;
				CLANG_WARN_STRICT_PROTOTYPES = YES;
				CLANG_WARN_SUSPICIOUS_MOVE = YES;
				CLANG_WARN_UNGUARDED_AVAILABILITY = YES_AGGRESSIVE;
				CLANG_WARN_UNREACHABLE_CODE = YES;
				CLANG_WARN__DUPLICATE_METHOD_MATCH = YES;
				COPY_PHASE_STRIP = NO;
				DEBUG_INFORMATION_FORMAT = dwarf;
				ENABLE_STRICT_OBJC_MSGSEND = YES;
				ENABLE_TESTABILITY = YES;
				GCC_C_LANGUAGE_STANDARD = gnu11;
				GCC_DYNAMIC_NO_PIC = NO;
				GCC_NO_COMMON_BLOCKS = YES;
				GCC_OPTIMIZATION_LEVEL = 0;
				GCC_PREPROCESSOR_DEFINITIONS = (
					"DEBUG=1",
					"$(inherited)",
				);
				GCC_WARN_64_TO_32_BIT_CONVERSION = YES;
				GCC_WARN_ABOUT_RETURN_TYPE = YES_ERROR;
				GCC_WARN_UNDECLARED_SELECTOR = YES;
				GCC_WARN_UNINITIALIZED_AUTOS = YES_AGGRESSIVE;
				GCC_WARN_UNUSED_FUNCTION = YES;
				GCC_WARN_UNUSED_VARIABLE = YES;
				IPHONEOS_DEPLOYMENT_TARGET = 14.1;
				MTL_ENABLE_DEBUG_INFO = INCLUDE_SOURCE;
				MTL_FAST_MATH = YES;
				ONLY_ACTIVE_ARCH = YES;
				SDKROOT = iphoneos;
			};
			name = Debug;
		};
		157EE831267CCD71000750A0 /* Release */ = {
			isa = XCBuildConfiguration;
			buildSettings = {
				ALWAYS_SEARCH_USER_PATHS = NO;
				CLANG_ANALYZER_NONNULL = YES;
				CLANG_ANALYZER_NUMBER_OBJECT_CONVERSION = YES_AGGRESSIVE;
				CLANG_CXX_LANGUAGE_STANDARD = "gnu++14";
				CLANG_CXX_LIBRARY = "libc++";
				CLANG_ENABLE_MODULES = YES;
				CLANG_ENABLE_OBJC_ARC = YES;
				CLANG_ENABLE_OBJC_WEAK = YES;
				CLANG_WARN_BLOCK_CAPTURE_AUTORELEASING = YES;
				CLANG_WARN_BOOL_CONVERSION = YES;
				CLANG_WARN_COMMA = YES;
				CLANG_WARN_CONSTANT_CONVERSION = YES;
				CLANG_WARN_DEPRECATED_OBJC_IMPLEMENTATIONS = YES;
				CLANG_WARN_DIRECT_OBJC_ISA_USAGE = YES_ERROR;
				CLANG_WARN_DOCUMENTATION_COMMENTS = YES;
				CLANG_WARN_EMPTY_BODY = YES;
				CLANG_WARN_ENUM_CONVERSION = YES;
				CLANG_WARN_INFINITE_RECURSION = YES;
				CLANG_WARN_INT_CONVERSION = YES;
				CLANG_WARN_NON_LITERAL_NULL_CONVERSION = YES;
				CLANG_WARN_OBJC_IMPLICIT_RETAIN_SELF = YES;
				CLANG_WARN_OBJC_LITERAL_CONVERSION = YES;
				CLANG_WARN_OBJC_ROOT_CLASS = YES_ERROR;
				CLANG_WARN_QUOTED_INCLUDE_IN_FRAMEWORK_HEADER = YES;
				CLANG_WARN_RANGE_LOOP_ANALYSIS = YES;
				CLANG_WARN_STRICT_PROTOTYPES = YES;
				CLANG_WARN_SUSPICIOUS_MOVE = YES;
				CLANG_WARN_UNGUARDED_AVAILABILITY = YES_AGGRESSIVE;
				CLANG_WARN_UNREACHABLE_CODE = YES;
				CLANG_WARN__DUPLICATE_METHOD_MATCH = YES;
				COPY_PHASE_STRIP = NO;
				DEBUG_INFORMATION_FORMAT = "dwarf-with-dsym";
				ENABLE_NS_ASSERTIONS = NO;
				ENABLE_STRICT_OBJC_MSGSEND = YES;
				GCC_C_LANGUAGE_STANDARD = gnu11;
				GCC_NO_COMMON_BLOCKS = YES;
				GCC_WARN_64_TO_32_BIT_CONVERSION = YES;
				GCC_WARN_ABOUT_RETURN_TYPE = YES_ERROR;
				GCC_WARN_UNDECLARED_SELECTOR = YES;
				GCC_WARN_UNINITIALIZED_AUTOS = YES_AGGRESSIVE;
				GCC_WARN_UNUSED_FUNCTION = YES;
				GCC_WARN_UNUSED_VARIABLE = YES;
				IPHONEOS_DEPLOYMENT_TARGET = 14.1;
				MTL_ENABLE_DEBUG_INFO = NO;
				MTL_FAST_MATH = YES;
				SDKROOT = iphoneos;
				VALIDATE_PRODUCT = YES;
			};
			name = Release;
		};
		157EE833267CCD71000750A0 /* Debug */ = {
			isa = XCBuildConfiguration;
			buildSettings = {
				ASSETCATALOG_COMPILER_APPICON_NAME = AppIcon;
				ASSETCATALOG_COMPILER_GLOBAL_ACCENT_COLOR_NAME = AccentColor;
				CODE_SIGN_STYLE = Automatic;
				DEVELOPMENT_TEAM = DQ48S8SUS4;
				INFOPLIST_FILE = "Air-Tickets/Info.plist";
				LD_RUNPATH_SEARCH_PATHS = (
					"$(inherited)",
					"@executable_path/Frameworks",
				);
				PRODUCT_BUNDLE_IDENTIFIER = "ru.50.AlexanderFomin.Air-Tickets";
				PRODUCT_NAME = "$(TARGET_NAME)";
				TARGETED_DEVICE_FAMILY = "1,2";
			};
			name = Debug;
		};
		157EE834267CCD71000750A0 /* Release */ = {
			isa = XCBuildConfiguration;
			buildSettings = {
				ASSETCATALOG_COMPILER_APPICON_NAME = AppIcon;
				ASSETCATALOG_COMPILER_GLOBAL_ACCENT_COLOR_NAME = AccentColor;
				CODE_SIGN_STYLE = Automatic;
				DEVELOPMENT_TEAM = DQ48S8SUS4;
				INFOPLIST_FILE = "Air-Tickets/Info.plist";
				LD_RUNPATH_SEARCH_PATHS = (
					"$(inherited)",
					"@executable_path/Frameworks",
				);
				PRODUCT_BUNDLE_IDENTIFIER = "ru.50.AlexanderFomin.Air-Tickets";
				PRODUCT_NAME = "$(TARGET_NAME)";
				TARGETED_DEVICE_FAMILY = "1,2";
			};
			name = Release;
		};
/* End XCBuildConfiguration section */

/* Begin XCConfigurationList section */
		157EE814267CCD6D000750A0 /* Build configuration list for PBXProject "Air-Tickets" */ = {
			isa = XCConfigurationList;
			buildConfigurations = (
				157EE830267CCD71000750A0 /* Debug */,
				157EE831267CCD71000750A0 /* Release */,
			);
			defaultConfigurationIsVisible = 0;
			defaultConfigurationName = Release;
		};
		157EE832267CCD71000750A0 /* Build configuration list for PBXNativeTarget "Air-Tickets" */ = {
			isa = XCConfigurationList;
			buildConfigurations = (
				157EE833267CCD71000750A0 /* Debug */,
				157EE834267CCD71000750A0 /* Release */,
			);
			defaultConfigurationIsVisible = 0;
			defaultConfigurationName = Release;
		};
/* End XCConfigurationList section */
	};
	rootObject = 157EE811267CCD6D000750A0 /* Project object */;
}
